// !$*UTF8*$!
{
	archiveVersion = 1;
	classes = {
	};
	objectVersion = 56;
	objects = {

/* Begin PBXBuildFile section */
		6B509CDF2BE5A75800FB7FB2 /* CDNote+helper.swift in Sources */ = {isa = PBXBuildFile; fileRef = 6B509CDE2BE5A75800FB7FB2 /* CDNote+helper.swift */; };
		6B509CE12BE5B2E000FB7FB2 /* CDTextBlock+helper.swift in Sources */ = {isa = PBXBuildFile; fileRef = 6B509CE02BE5B2E000FB7FB2 /* CDTextBlock+helper.swift */; };
		6B509CE32BE5B37000FB7FB2 /* CDContentBlock+helper.swift in Sources */ = {isa = PBXBuildFile; fileRef = 6B509CE22BE5B37000FB7FB2 /* CDContentBlock+helper.swift */; };
		6B509CE52BE5D05000FB7FB2 /* PersistentController.swift in Sources */ = {isa = PBXBuildFile; fileRef = 6B509CE42BE5D05000FB7FB2 /* PersistentController.swift */; };
		6B509CE72BE5E24B00FB7FB2 /* NoteRow.swift in Sources */ = {isa = PBXBuildFile; fileRef = 6B509CE62BE5E24B00FB7FB2 /* NoteRow.swift */; };
		6B509CEB2BE619DA00FB7FB2 /* Testing.swift in Sources */ = {isa = PBXBuildFile; fileRef = 6B509CEA2BE619DA00FB7FB2 /* Testing.swift */; };
		6B7672562BE4AC47001AB8EA /* JournalApp.swift in Sources */ = {isa = PBXBuildFile; fileRef = 6B7672552BE4AC47001AB8EA /* JournalApp.swift */; };
		6B7672582BE4AC47001AB8EA /* ContentView.swift in Sources */ = {isa = PBXBuildFile; fileRef = 6B7672572BE4AC47001AB8EA /* ContentView.swift */; };
		6B76725A2BE4AC48001AB8EA /* Assets.xcassets in Resources */ = {isa = PBXBuildFile; fileRef = 6B7672592BE4AC48001AB8EA /* Assets.xcassets */; };
		6B76725D2BE4AC48001AB8EA /* Preview Assets.xcassets in Resources */ = {isa = PBXBuildFile; fileRef = 6B76725C2BE4AC48001AB8EA /* Preview Assets.xcassets */; };
		6B7672672BE4AC48001AB8EA /* JournalTests.swift in Sources */ = {isa = PBXBuildFile; fileRef = 6B7672662BE4AC48001AB8EA /* JournalTests.swift */; };
		6B7672712BE4AC48001AB8EA /* JournalUITests.swift in Sources */ = {isa = PBXBuildFile; fileRef = 6B7672702BE4AC48001AB8EA /* JournalUITests.swift */; };
		6B7672732BE4AC48001AB8EA /* JournalUITestsLaunchTests.swift in Sources */ = {isa = PBXBuildFile; fileRef = 6B7672722BE4AC48001AB8EA /* JournalUITestsLaunchTests.swift */; };
		6B9272102BE4BC0C00714182 /* HomeView.swift in Sources */ = {isa = PBXBuildFile; fileRef = 6B92720F2BE4BC0C00714182 /* HomeView.swift */; };
		6B9272122BE4BE8C00714182 /* NewNoteView.swift in Sources */ = {isa = PBXBuildFile; fileRef = 6B9272112BE4BE8C00714182 /* NewNoteView.swift */; };
		6B9272152BE4C04A00714182 /* Color.swift in Sources */ = {isa = PBXBuildFile; fileRef = 6B9272142BE4C04A00714182 /* Color.swift */; };
		6B9272172BE4D93900714182 /* swipe to unlock.swift in Sources */ = {isa = PBXBuildFile; fileRef = 6B9272162BE4D93900714182 /* swipe to unlock.swift */; };
		6B92721A2BE4D9C400714182 /* DraggingComponent.swift in Sources */ = {isa = PBXBuildFile; fileRef = 6B9272192BE4D9C400714182 /* DraggingComponent.swift */; };
		6B92721C2BE4DA0A00714182 /* BaseButtonStyle.swift in Sources */ = {isa = PBXBuildFile; fileRef = 6B92721B2BE4DA0A00714182 /* BaseButtonStyle.swift */; };
		6B92721E2BE4DA2700714182 /* BackgroundComponent.swift in Sources */ = {isa = PBXBuildFile; fileRef = 6B92721D2BE4DA2700714182 /* BackgroundComponent.swift */; };
		6B9272212BE4EA9A00714182 /* DataModel.xcdatamodeld in Sources */ = {isa = PBXBuildFile; fileRef = 6B92721F2BE4EA9A00714182 /* DataModel.xcdatamodeld */; };
		6BB62BAE2BEDEC57005CFE88 /* NoteDetailView.swift in Sources */ = {isa = PBXBuildFile; fileRef = 6BB62BAD2BEDEC57005CFE88 /* NoteDetailView.swift */; };
		6BB62BB02BF01560005CFE88 /* NoteDetailMenu.swift in Sources */ = {isa = PBXBuildFile; fileRef = 6BB62BAF2BF01560005CFE88 /* NoteDetailMenu.swift */; };
		6BEE83682BF5E4AA003F3E16 /* SettingsView.swift in Sources */ = {isa = PBXBuildFile; fileRef = 6BEE83672BF5E4AA003F3E16 /* SettingsView.swift */; };
		6BEE836A2BF5EABC003F3E16 /* AppearanceMode.swift in Sources */ = {isa = PBXBuildFile; fileRef = 6BEE83692BF5EABC003F3E16 /* AppearanceMode.swift */; };
		6BEE836C2BF60060003F3E16 /* KeyboardResponder.swift in Sources */ = {isa = PBXBuildFile; fileRef = 6BEE836B2BF60060003F3E16 /* KeyboardResponder.swift */; };
		6BEE836E2BF6C752003F3E16 /* ImagePicker.swift in Sources */ = {isa = PBXBuildFile; fileRef = 6BEE836D2BF6C752003F3E16 /* ImagePicker.swift */; };
		6BEE83712BF6D75B003F3E16 /* CDImageBlock+helper.swift in Sources */ = {isa = PBXBuildFile; fileRef = 6BEE83702BF6D75B003F3E16 /* CDImageBlock+helper.swift */; };
		6BFDF5582BE4B4260004AD10 /* WelcomeView.swift in Sources */ = {isa = PBXBuildFile; fileRef = 6BFDF5572BE4B4260004AD10 /* WelcomeView.swift */; };
/* End PBXBuildFile section */

/* Begin PBXContainerItemProxy section */
		6B7672632BE4AC48001AB8EA /* PBXContainerItemProxy */ = {
			isa = PBXContainerItemProxy;
			containerPortal = 6B76724A2BE4AC47001AB8EA /* Project object */;
			proxyType = 1;
			remoteGlobalIDString = 6B7672512BE4AC47001AB8EA;
			remoteInfo = Journal;
		};
		6B76726D2BE4AC48001AB8EA /* PBXContainerItemProxy */ = {
			isa = PBXContainerItemProxy;
			containerPortal = 6B76724A2BE4AC47001AB8EA /* Project object */;
			proxyType = 1;
			remoteGlobalIDString = 6B7672512BE4AC47001AB8EA;
			remoteInfo = Journal;
		};
/* End PBXContainerItemProxy section */

/* Begin PBXFileReference section */
		6B509CDE2BE5A75800FB7FB2 /* CDNote+helper.swift */ = {isa = PBXFileReference; lastKnownFileType = sourcecode.swift; path = "CDNote+helper.swift"; sourceTree = "<group>"; };
		6B509CE02BE5B2E000FB7FB2 /* CDTextBlock+helper.swift */ = {isa = PBXFileReference; lastKnownFileType = sourcecode.swift; path = "CDTextBlock+helper.swift"; sourceTree = "<group>"; };
		6B509CE22BE5B37000FB7FB2 /* CDContentBlock+helper.swift */ = {isa = PBXFileReference; lastKnownFileType = sourcecode.swift; path = "CDContentBlock+helper.swift"; sourceTree = "<group>"; };
		6B509CE42BE5D05000FB7FB2 /* PersistentController.swift */ = {isa = PBXFileReference; lastKnownFileType = sourcecode.swift; path = PersistentController.swift; sourceTree = "<group>"; };
		6B509CE62BE5E24B00FB7FB2 /* NoteRow.swift */ = {isa = PBXFileReference; lastKnownFileType = sourcecode.swift; path = NoteRow.swift; sourceTree = "<group>"; };
		6B509CEA2BE619DA00FB7FB2 /* Testing.swift */ = {isa = PBXFileReference; lastKnownFileType = sourcecode.swift; path = Testing.swift; sourceTree = "<group>"; };
		6B7672522BE4AC47001AB8EA /* Journal.app */ = {isa = PBXFileReference; explicitFileType = wrapper.application; includeInIndex = 0; path = Journal.app; sourceTree = BUILT_PRODUCTS_DIR; };
		6B7672552BE4AC47001AB8EA /* JournalApp.swift */ = {isa = PBXFileReference; lastKnownFileType = sourcecode.swift; path = JournalApp.swift; sourceTree = "<group>"; };
		6B7672572BE4AC47001AB8EA /* ContentView.swift */ = {isa = PBXFileReference; lastKnownFileType = sourcecode.swift; path = ContentView.swift; sourceTree = "<group>"; };
		6B7672592BE4AC48001AB8EA /* Assets.xcassets */ = {isa = PBXFileReference; lastKnownFileType = folder.assetcatalog; path = Assets.xcassets; sourceTree = "<group>"; };
		6B76725C2BE4AC48001AB8EA /* Preview Assets.xcassets */ = {isa = PBXFileReference; lastKnownFileType = folder.assetcatalog; path = "Preview Assets.xcassets"; sourceTree = "<group>"; };
		6B7672622BE4AC48001AB8EA /* JournalTests.xctest */ = {isa = PBXFileReference; explicitFileType = wrapper.cfbundle; includeInIndex = 0; path = JournalTests.xctest; sourceTree = BUILT_PRODUCTS_DIR; };
		6B7672662BE4AC48001AB8EA /* JournalTests.swift */ = {isa = PBXFileReference; lastKnownFileType = sourcecode.swift; path = JournalTests.swift; sourceTree = "<group>"; };
		6B76726C2BE4AC48001AB8EA /* JournalUITests.xctest */ = {isa = PBXFileReference; explicitFileType = wrapper.cfbundle; includeInIndex = 0; path = JournalUITests.xctest; sourceTree = BUILT_PRODUCTS_DIR; };
		6B7672702BE4AC48001AB8EA /* JournalUITests.swift */ = {isa = PBXFileReference; lastKnownFileType = sourcecode.swift; path = JournalUITests.swift; sourceTree = "<group>"; };
		6B7672722BE4AC48001AB8EA /* JournalUITestsLaunchTests.swift */ = {isa = PBXFileReference; lastKnownFileType = sourcecode.swift; path = JournalUITestsLaunchTests.swift; sourceTree = "<group>"; };
		6B92720F2BE4BC0C00714182 /* HomeView.swift */ = {isa = PBXFileReference; lastKnownFileType = sourcecode.swift; path = HomeView.swift; sourceTree = "<group>"; };
		6B9272112BE4BE8C00714182 /* NewNoteView.swift */ = {isa = PBXFileReference; lastKnownFileType = sourcecode.swift; path = NewNoteView.swift; sourceTree = "<group>"; };
		6B9272142BE4C04A00714182 /* Color.swift */ = {isa = PBXFileReference; lastKnownFileType = sourcecode.swift; path = Color.swift; sourceTree = "<group>"; };
		6B9272162BE4D93900714182 /* swipe to unlock.swift */ = {isa = PBXFileReference; lastKnownFileType = sourcecode.swift; path = "swipe to unlock.swift"; sourceTree = "<group>"; };
		6B9272192BE4D9C400714182 /* DraggingComponent.swift */ = {isa = PBXFileReference; lastKnownFileType = sourcecode.swift; path = DraggingComponent.swift; sourceTree = "<group>"; };
		6B92721B2BE4DA0A00714182 /* BaseButtonStyle.swift */ = {isa = PBXFileReference; lastKnownFileType = sourcecode.swift; path = BaseButtonStyle.swift; sourceTree = "<group>"; };
		6B92721D2BE4DA2700714182 /* BackgroundComponent.swift */ = {isa = PBXFileReference; lastKnownFileType = sourcecode.swift; path = BackgroundComponent.swift; sourceTree = "<group>"; };
		6B9272202BE4EA9A00714182 /* DataModel.xcdatamodel */ = {isa = PBXFileReference; lastKnownFileType = wrapper.xcdatamodel; path = DataModel.xcdatamodel; sourceTree = "<group>"; };
		6BB62BAD2BEDEC57005CFE88 /* NoteDetailView.swift */ = {isa = PBXFileReference; lastKnownFileType = sourcecode.swift; path = NoteDetailView.swift; sourceTree = "<group>"; };
		6BB62BAF2BF01560005CFE88 /* NoteDetailMenu.swift */ = {isa = PBXFileReference; lastKnownFileType = sourcecode.swift; path = NoteDetailMenu.swift; sourceTree = "<group>"; };
		6BEE83672BF5E4AA003F3E16 /* SettingsView.swift */ = {isa = PBXFileReference; lastKnownFileType = sourcecode.swift; path = SettingsView.swift; sourceTree = "<group>"; };
		6BEE83692BF5EABC003F3E16 /* AppearanceMode.swift */ = {isa = PBXFileReference; lastKnownFileType = sourcecode.swift; path = AppearanceMode.swift; sourceTree = "<group>"; };
		6BEE836B2BF60060003F3E16 /* KeyboardResponder.swift */ = {isa = PBXFileReference; lastKnownFileType = sourcecode.swift; path = KeyboardResponder.swift; sourceTree = "<group>"; };
		6BEE836D2BF6C752003F3E16 /* ImagePicker.swift */ = {isa = PBXFileReference; lastKnownFileType = sourcecode.swift; path = ImagePicker.swift; sourceTree = "<group>"; };
		6BEE836F2BF6CB5F003F3E16 /* Info.plist */ = {isa = PBXFileReference; lastKnownFileType = text.plist; path = Info.plist; sourceTree = "<group>"; };
		6BEE83702BF6D75B003F3E16 /* CDImageBlock+helper.swift */ = {isa = PBXFileReference; lastKnownFileType = sourcecode.swift; path = "CDImageBlock+helper.swift"; sourceTree = "<group>"; };
		6BFDF5572BE4B4260004AD10 /* WelcomeView.swift */ = {isa = PBXFileReference; lastKnownFileType = sourcecode.swift; path = WelcomeView.swift; sourceTree = "<group>"; };
/* End PBXFileReference section */

/* Begin PBXFrameworksBuildPhase section */
		6B76724F2BE4AC47001AB8EA /* Frameworks */ = {
			isa = PBXFrameworksBuildPhase;
			buildActionMask = 2147483647;
			files = (
			);
			runOnlyForDeploymentPostprocessing = 0;
		};
		6B76725F2BE4AC48001AB8EA /* Frameworks */ = {
			isa = PBXFrameworksBuildPhase;
			buildActionMask = 2147483647;
			files = (
			);
			runOnlyForDeploymentPostprocessing = 0;
		};
		6B7672692BE4AC48001AB8EA /* Frameworks */ = {
			isa = PBXFrameworksBuildPhase;
			buildActionMask = 2147483647;
			files = (
			);
			runOnlyForDeploymentPostprocessing = 0;
		};
/* End PBXFrameworksBuildPhase section */

/* Begin PBXGroup section */
		6B509CDD2BE5A74000FB7FB2 /* CoreData */ = {
			isa = PBXGroup;
			children = (
				6B509CDE2BE5A75800FB7FB2 /* CDNote+helper.swift */,
				6B509CE02BE5B2E000FB7FB2 /* CDTextBlock+helper.swift */,
				6B509CE22BE5B37000FB7FB2 /* CDContentBlock+helper.swift */,
				6BEE83702BF6D75B003F3E16 /* CDImageBlock+helper.swift */,
			);
			path = CoreData;
			sourceTree = "<group>";
		};
		6B7672492BE4AC47001AB8EA = {
			isa = PBXGroup;
			children = (
				6B7672542BE4AC47001AB8EA /* Journal */,
				6B7672652BE4AC48001AB8EA /* JournalTests */,
				6B76726F2BE4AC48001AB8EA /* JournalUITests */,
				6B7672532BE4AC47001AB8EA /* Products */,
			);
			sourceTree = "<group>";
		};
		6B7672532BE4AC47001AB8EA /* Products */ = {
			isa = PBXGroup;
			children = (
				6B7672522BE4AC47001AB8EA /* Journal.app */,
				6B7672622BE4AC48001AB8EA /* JournalTests.xctest */,
				6B76726C2BE4AC48001AB8EA /* JournalUITests.xctest */,
			);
			name = Products;
			sourceTree = "<group>";
		};
		6B7672542BE4AC47001AB8EA /* Journal */ = {
			isa = PBXGroup;
			children = (
				6BEE836F2BF6CB5F003F3E16 /* Info.plist */,
				6B9272182BE4D9B100714182 /* Components */,
				6B9272132BE4C03A00714182 /* Extensions */,
				6B92720E2BE4BBD100714182 /* Views */,
				6B7672552BE4AC47001AB8EA /* JournalApp.swift */,
				6B7672572BE4AC47001AB8EA /* ContentView.swift */,
				6B7672592BE4AC48001AB8EA /* Assets.xcassets */,
				6B76725B2BE4AC48001AB8EA /* Preview Content */,
				6B9272162BE4D93900714182 /* swipe to unlock.swift */,
				6B92721F2BE4EA9A00714182 /* DataModel.xcdatamodeld */,
				6B509CE42BE5D05000FB7FB2 /* PersistentController.swift */,
				6B509CEA2BE619DA00FB7FB2 /* Testing.swift */,
			);
			path = Journal;
			sourceTree = "<group>";
		};
		6B76725B2BE4AC48001AB8EA /* Preview Content */ = {
			isa = PBXGroup;
			children = (
				6B76725C2BE4AC48001AB8EA /* Preview Assets.xcassets */,
			);
			path = "Preview Content";
			sourceTree = "<group>";
		};
		6B7672652BE4AC48001AB8EA /* JournalTests */ = {
			isa = PBXGroup;
			children = (
				6B7672662BE4AC48001AB8EA /* JournalTests.swift */,
			);
			path = JournalTests;
			sourceTree = "<group>";
		};
		6B76726F2BE4AC48001AB8EA /* JournalUITests */ = {
			isa = PBXGroup;
			children = (
				6B7672702BE4AC48001AB8EA /* JournalUITests.swift */,
				6B7672722BE4AC48001AB8EA /* JournalUITestsLaunchTests.swift */,
			);
			path = JournalUITests;
			sourceTree = "<group>";
		};
		6B92720E2BE4BBD100714182 /* Views */ = {
			isa = PBXGroup;
			children = (
				6BB62BAD2BEDEC57005CFE88 /* NoteDetailView.swift */,
				6BFDF5572BE4B4260004AD10 /* WelcomeView.swift */,
				6B92720F2BE4BC0C00714182 /* HomeView.swift */,
				6B9272112BE4BE8C00714182 /* NewNoteView.swift */,
				6BEE83672BF5E4AA003F3E16 /* SettingsView.swift */,
			);
			path = Views;
			sourceTree = "<group>";
		};
		6B9272132BE4C03A00714182 /* Extensions */ = {
			isa = PBXGroup;
			children = (
				6B509CDD2BE5A74000FB7FB2 /* CoreData */,
				6B9272142BE4C04A00714182 /* Color.swift */,
				6BEE83692BF5EABC003F3E16 /* AppearanceMode.swift */,
				6BEE836B2BF60060003F3E16 /* KeyboardResponder.swift */,
				6BEE836D2BF6C752003F3E16 /* ImagePicker.swift */,
			);
			path = Extensions;
			sourceTree = "<group>";
		};
		6B9272182BE4D9B100714182 /* Components */ = {
			isa = PBXGroup;
			children = (
				6B9272192BE4D9C400714182 /* DraggingComponent.swift */,
				6B92721B2BE4DA0A00714182 /* BaseButtonStyle.swift */,
				6B92721D2BE4DA2700714182 /* BackgroundComponent.swift */,
				6B509CE62BE5E24B00FB7FB2 /* NoteRow.swift */,
				6BB62BAF2BF01560005CFE88 /* NoteDetailMenu.swift */,
			);
			path = Components;
			sourceTree = "<group>";
		};
/* End PBXGroup section */

/* Begin PBXNativeTarget section */
		6B7672512BE4AC47001AB8EA /* Journal */ = {
			isa = PBXNativeTarget;
			buildConfigurationList = 6B7672762BE4AC48001AB8EA /* Build configuration list for PBXNativeTarget "Journal" */;
			buildPhases = (
				6B76724E2BE4AC47001AB8EA /* Sources */,
				6B76724F2BE4AC47001AB8EA /* Frameworks */,
				6B7672502BE4AC47001AB8EA /* Resources */,
			);
			buildRules = (
			);
			dependencies = (
			);
			name = Journal;
			productName = Journal;
			productReference = 6B7672522BE4AC47001AB8EA /* Journal.app */;
			productType = "com.apple.product-type.application";
		};
		6B7672612BE4AC48001AB8EA /* JournalTests */ = {
			isa = PBXNativeTarget;
			buildConfigurationList = 6B7672792BE4AC48001AB8EA /* Build configuration list for PBXNativeTarget "JournalTests" */;
			buildPhases = (
				6B76725E2BE4AC48001AB8EA /* Sources */,
				6B76725F2BE4AC48001AB8EA /* Frameworks */,
				6B7672602BE4AC48001AB8EA /* Resources */,
			);
			buildRules = (
			);
			dependencies = (
				6B7672642BE4AC48001AB8EA /* PBXTargetDependency */,
			);
			name = JournalTests;
			productName = JournalTests;
			productReference = 6B7672622BE4AC48001AB8EA /* JournalTests.xctest */;
			productType = "com.apple.product-type.bundle.unit-test";
		};
		6B76726B2BE4AC48001AB8EA /* JournalUITests */ = {
			isa = PBXNativeTarget;
			buildConfigurationList = 6B76727C2BE4AC48001AB8EA /* Build configuration list for PBXNativeTarget "JournalUITests" */;
			buildPhases = (
				6B7672682BE4AC48001AB8EA /* Sources */,
				6B7672692BE4AC48001AB8EA /* Frameworks */,
				6B76726A2BE4AC48001AB8EA /* Resources */,
			);
			buildRules = (
			);
			dependencies = (
				6B76726E2BE4AC48001AB8EA /* PBXTargetDependency */,
			);
			name = JournalUITests;
			productName = JournalUITests;
			productReference = 6B76726C2BE4AC48001AB8EA /* JournalUITests.xctest */;
			productType = "com.apple.product-type.bundle.ui-testing";
		};
/* End PBXNativeTarget section */

/* Begin PBXProject section */
		6B76724A2BE4AC47001AB8EA /* Project object */ = {
			isa = PBXProject;
			attributes = {
				BuildIndependentTargetsInParallel = 1;
				LastSwiftUpdateCheck = 1530;
				LastUpgradeCheck = 1530;
				TargetAttributes = {
					6B7672512BE4AC47001AB8EA = {
						CreatedOnToolsVersion = 15.3;
					};
					6B7672612BE4AC48001AB8EA = {
						CreatedOnToolsVersion = 15.3;
						TestTargetID = 6B7672512BE4AC47001AB8EA;
					};
					6B76726B2BE4AC48001AB8EA = {
						CreatedOnToolsVersion = 15.3;
						TestTargetID = 6B7672512BE4AC47001AB8EA;
					};
				};
			};
			buildConfigurationList = 6B76724D2BE4AC47001AB8EA /* Build configuration list for PBXProject "Journal" */;
			compatibilityVersion = "Xcode 14.0";
			developmentRegion = en;
			hasScannedForEncodings = 0;
			knownRegions = (
				en,
				Base,
			);
			mainGroup = 6B7672492BE4AC47001AB8EA;
			productRefGroup = 6B7672532BE4AC47001AB8EA /* Products */;
			projectDirPath = "";
			projectRoot = "";
			targets = (
				6B7672512BE4AC47001AB8EA /* Journal */,
				6B7672612BE4AC48001AB8EA /* JournalTests */,
				6B76726B2BE4AC48001AB8EA /* JournalUITests */,
			);
		};
/* End PBXProject section */

/* Begin PBXResourcesBuildPhase section */
		6B7672502BE4AC47001AB8EA /* Resources */ = {
			isa = PBXResourcesBuildPhase;
			buildActionMask = 2147483647;
			files = (
				6B76725D2BE4AC48001AB8EA /* Preview Assets.xcassets in Resources */,
				6B76725A2BE4AC48001AB8EA /* Assets.xcassets in Resources */,
			);
			runOnlyForDeploymentPostprocessing = 0;
		};
		6B7672602BE4AC48001AB8EA /* Resources */ = {
			isa = PBXResourcesBuildPhase;
			buildActionMask = 2147483647;
			files = (
			);
			runOnlyForDeploymentPostprocessing = 0;
		};
		6B76726A2BE4AC48001AB8EA /* Resources */ = {
			isa = PBXResourcesBuildPhase;
			buildActionMask = 2147483647;
			files = (
			);
			runOnlyForDeploymentPostprocessing = 0;
		};
/* End PBXResourcesBuildPhase section */

/* Begin PBXSourcesBuildPhase section */
		6B76724E2BE4AC47001AB8EA /* Sources */ = {
			isa = PBXSourcesBuildPhase;
			buildActionMask = 2147483647;
			files = (
				6B9272212BE4EA9A00714182 /* DataModel.xcdatamodeld in Sources */,
				6B92721A2BE4D9C400714182 /* DraggingComponent.swift in Sources */,
				6B92721E2BE4DA2700714182 /* BackgroundComponent.swift in Sources */,
				6BEE836C2BF60060003F3E16 /* KeyboardResponder.swift in Sources */,
				6B9272172BE4D93900714182 /* swipe to unlock.swift in Sources */,
				6B7672582BE4AC47001AB8EA /* ContentView.swift in Sources */,
				6BEE83682BF5E4AA003F3E16 /* SettingsView.swift in Sources */,
				6B9272102BE4BC0C00714182 /* HomeView.swift in Sources */,
				6B509CE72BE5E24B00FB7FB2 /* NoteRow.swift in Sources */,
				6BB62BB02BF01560005CFE88 /* NoteDetailMenu.swift in Sources */,
				6B9272122BE4BE8C00714182 /* NewNoteView.swift in Sources */,
				6B9272152BE4C04A00714182 /* Color.swift in Sources */,
				6BEE83712BF6D75B003F3E16 /* CDImageBlock+helper.swift in Sources */,
				6B509CE32BE5B37000FB7FB2 /* CDContentBlock+helper.swift in Sources */,
				6BEE836E2BF6C752003F3E16 /* ImagePicker.swift in Sources */,
				6B509CE52BE5D05000FB7FB2 /* PersistentController.swift in Sources */,
				6B7672562BE4AC47001AB8EA /* JournalApp.swift in Sources */,
				6B509CEB2BE619DA00FB7FB2 /* Testing.swift in Sources */,
				6BFDF5582BE4B4260004AD10 /* WelcomeView.swift in Sources */,
				6BEE836A2BF5EABC003F3E16 /* AppearanceMode.swift in Sources */,
				6B509CDF2BE5A75800FB7FB2 /* CDNote+helper.swift in Sources */,
				6B509CE12BE5B2E000FB7FB2 /* CDTextBlock+helper.swift in Sources */,
				6BB62BAE2BEDEC57005CFE88 /* NoteDetailView.swift in Sources */,
				6B92721C2BE4DA0A00714182 /* BaseButtonStyle.swift in Sources */,
			);
			runOnlyForDeploymentPostprocessing = 0;
		};
		6B76725E2BE4AC48001AB8EA /* Sources */ = {
			isa = PBXSourcesBuildPhase;
			buildActionMask = 2147483647;
			files = (
				6B7672672BE4AC48001AB8EA /* JournalTests.swift in Sources */,
			);
			runOnlyForDeploymentPostprocessing = 0;
		};
		6B7672682BE4AC48001AB8EA /* Sources */ = {
			isa = PBXSourcesBuildPhase;
			buildActionMask = 2147483647;
			files = (
				6B7672732BE4AC48001AB8EA /* JournalUITestsLaunchTests.swift in Sources */,
				6B7672712BE4AC48001AB8EA /* JournalUITests.swift in Sources */,
			);
			runOnlyForDeploymentPostprocessing = 0;
		};
/* End PBXSourcesBuildPhase section */

/* Begin PBXTargetDependency section */
		6B7672642BE4AC48001AB8EA /* PBXTargetDependency */ = {
			isa = PBXTargetDependency;
			target = 6B7672512BE4AC47001AB8EA /* Journal */;
			targetProxy = 6B7672632BE4AC48001AB8EA /* PBXContainerItemProxy */;
		};
		6B76726E2BE4AC48001AB8EA /* PBXTargetDependency */ = {
			isa = PBXTargetDependency;
			target = 6B7672512BE4AC47001AB8EA /* Journal */;
			targetProxy = 6B76726D2BE4AC48001AB8EA /* PBXContainerItemProxy */;
		};
/* End PBXTargetDependency section */

/* Begin XCBuildConfiguration section */
		6B7672742BE4AC48001AB8EA /* Debug */ = {
			isa = XCBuildConfiguration;
			buildSettings = {
				ALWAYS_SEARCH_USER_PATHS = NO;
				ASSETCATALOG_COMPILER_GENERATE_SWIFT_ASSET_SYMBOL_EXTENSIONS = YES;
				CLANG_ANALYZER_NONNULL = YES;
				CLANG_ANALYZER_NUMBER_OBJECT_CONVERSION = YES_AGGRESSIVE;
				CLANG_CXX_LANGUAGE_STANDARD = "gnu++20";
				CLANG_ENABLE_MODULES = YES;
				CLANG_ENABLE_OBJC_ARC = YES;
				CLANG_ENABLE_OBJC_WEAK = YES;
				CLANG_WARN_BLOCK_CAPTURE_AUTORELEASING = YES;
				CLANG_WARN_BOOL_CONVERSION = YES;
				CLANG_WARN_COMMA = YES;
				CLANG_WARN_CONSTANT_CONVERSION = YES;
				CLANG_WARN_DEPRECATED_OBJC_IMPLEMENTATIONS = YES;
				CLANG_WARN_DIRECT_OBJC_ISA_USAGE = YES_ERROR;
				CLANG_WARN_DOCUMENTATION_COMMENTS = YES;
				CLANG_WARN_EMPTY_BODY = YES;
				CLANG_WARN_ENUM_CONVERSION = YES;
				CLANG_WARN_INFINITE_RECURSION = YES;
				CLANG_WARN_INT_CONVERSION = YES;
				CLANG_WARN_NON_LITERAL_NULL_CONVERSION = YES;
				CLANG_WARN_OBJC_IMPLICIT_RETAIN_SELF = YES;
				CLANG_WARN_OBJC_LITERAL_CONVERSION = YES;
				CLANG_WARN_OBJC_ROOT_CLASS = YES_ERROR;
				CLANG_WARN_QUOTED_INCLUDE_IN_FRAMEWORK_HEADER = YES;
				CLANG_WARN_RANGE_LOOP_ANALYSIS = YES;
				CLANG_WARN_STRICT_PROTOTYPES = YES;
				CLANG_WARN_SUSPICIOUS_MOVE = YES;
				CLANG_WARN_UNGUARDED_AVAILABILITY = YES_AGGRESSIVE;
				CLANG_WARN_UNREACHABLE_CODE = YES;
				CLANG_WARN__DUPLICATE_METHOD_MATCH = YES;
				COPY_PHASE_STRIP = NO;
				DEBUG_INFORMATION_FORMAT = dwarf;
				ENABLE_STRICT_OBJC_MSGSEND = YES;
				ENABLE_TESTABILITY = YES;
				ENABLE_USER_SCRIPT_SANDBOXING = YES;
				GCC_C_LANGUAGE_STANDARD = gnu17;
				GCC_DYNAMIC_NO_PIC = NO;
				GCC_NO_COMMON_BLOCKS = YES;
				GCC_OPTIMIZATION_LEVEL = 0;
				GCC_PREPROCESSOR_DEFINITIONS = (
					"DEBUG=1",
					"$(inherited)",
				);
				GCC_WARN_64_TO_32_BIT_CONVERSION = YES;
				GCC_WARN_ABOUT_RETURN_TYPE = YES_ERROR;
				GCC_WARN_UNDECLARED_SELECTOR = YES;
				GCC_WARN_UNINITIALIZED_AUTOS = YES_AGGRESSIVE;
				GCC_WARN_UNUSED_FUNCTION = YES;
				GCC_WARN_UNUSED_VARIABLE = YES;
				IPHONEOS_DEPLOYMENT_TARGET = 17.4;
				LOCALIZATION_PREFERS_STRING_CATALOGS = YES;
				MTL_ENABLE_DEBUG_INFO = INCLUDE_SOURCE;
				MTL_FAST_MATH = YES;
				ONLY_ACTIVE_ARCH = YES;
				SDKROOT = iphoneos;
				SWIFT_ACTIVE_COMPILATION_CONDITIONS = "DEBUG $(inherited)";
				SWIFT_OPTIMIZATION_LEVEL = "-Onone";
			};
			name = Debug;
		};
		6B7672752BE4AC48001AB8EA /* Release */ = {
			isa = XCBuildConfiguration;
			buildSettings = {
				ALWAYS_SEARCH_USER_PATHS = NO;
				ASSETCATALOG_COMPILER_GENERATE_SWIFT_ASSET_SYMBOL_EXTENSIONS = YES;
				CLANG_ANALYZER_NONNULL = YES;
				CLANG_ANALYZER_NUMBER_OBJECT_CONVERSION = YES_AGGRESSIVE;
				CLANG_CXX_LANGUAGE_STANDARD = "gnu++20";
				CLANG_ENABLE_MODULES = YES;
				CLANG_ENABLE_OBJC_ARC = YES;
				CLANG_ENABLE_OBJC_WEAK = YES;
				CLANG_WARN_BLOCK_CAPTURE_AUTORELEASING = YES;
				CLANG_WARN_BOOL_CONVERSION = YES;
				CLANG_WARN_COMMA = YES;
				CLANG_WARN_CONSTANT_CONVERSION = YES;
				CLANG_WARN_DEPRECATED_OBJC_IMPLEMENTATIONS = YES;
				CLANG_WARN_DIRECT_OBJC_ISA_USAGE = YES_ERROR;
				CLANG_WARN_DOCUMENTATION_COMMENTS = YES;
				CLANG_WARN_EMPTY_BODY = YES;
				CLANG_WARN_ENUM_CONVERSION = YES;
				CLANG_WARN_INFINITE_RECURSION = YES;
				CLANG_WARN_INT_CONVERSION = YES;
				CLANG_WARN_NON_LITERAL_NULL_CONVERSION = YES;
				CLANG_WARN_OBJC_IMPLICIT_RETAIN_SELF = YES;
				CLANG_WARN_OBJC_LITERAL_CONVERSION = YES;
				CLANG_WARN_OBJC_ROOT_CLASS = YES_ERROR;
				CLANG_WARN_QUOTED_INCLUDE_IN_FRAMEWORK_HEADER = YES;
				CLANG_WARN_RANGE_LOOP_ANALYSIS = YES;
				CLANG_WARN_STRICT_PROTOTYPES = YES;
				CLANG_WARN_SUSPICIOUS_MOVE = YES;
				CLANG_WARN_UNGUARDED_AVAILABILITY = YES_AGGRESSIVE;
				CLANG_WARN_UNREACHABLE_CODE = YES;
				CLANG_WARN__DUPLICATE_METHOD_MATCH = YES;
				COPY_PHASE_STRIP = NO;
				DEBUG_INFORMATION_FORMAT = "dwarf-with-dsym";
				ENABLE_NS_ASSERTIONS = NO;
				ENABLE_STRICT_OBJC_MSGSEND = YES;
				ENABLE_USER_SCRIPT_SANDBOXING = YES;
				GCC_C_LANGUAGE_STANDARD = gnu17;
				GCC_NO_COMMON_BLOCKS = YES;
				GCC_WARN_64_TO_32_BIT_CONVERSION = YES;
				GCC_WARN_ABOUT_RETURN_TYPE = YES_ERROR;
				GCC_WARN_UNDECLARED_SELECTOR = YES;
				GCC_WARN_UNINITIALIZED_AUTOS = YES_AGGRESSIVE;
				GCC_WARN_UNUSED_FUNCTION = YES;
				GCC_WARN_UNUSED_VARIABLE = YES;
				IPHONEOS_DEPLOYMENT_TARGET = 17.4;
				LOCALIZATION_PREFERS_STRING_CATALOGS = YES;
				MTL_ENABLE_DEBUG_INFO = NO;
				MTL_FAST_MATH = YES;
				SDKROOT = iphoneos;
				SWIFT_COMPILATION_MODE = wholemodule;
				VALIDATE_PRODUCT = YES;
			};
			name = Release;
		};
		6B7672772BE4AC48001AB8EA /* Debug */ = {
			isa = XCBuildConfiguration;
			buildSettings = {
				ASSETCATALOG_COMPILER_APPICON_NAME = AppIcon;
				ASSETCATALOG_COMPILER_GLOBAL_ACCENT_COLOR_NAME = AccentColor;
				CODE_SIGN_STYLE = Automatic;
				CURRENT_PROJECT_VERSION = 1;
				DEVELOPMENT_ASSET_PATHS = "\"Journal/Preview Content\"";
				DEVELOPMENT_TEAM = SDB8QP5CR6;
				ENABLE_PREVIEWS = YES;
				GENERATE_INFOPLIST_FILE = YES;
				INFOPLIST_FILE = Journal/Info.plist;
				INFOPLIST_KEY_NSPhotoLibraryUsageDescription = "need library permission activated in order to add images.";
				INFOPLIST_KEY_UIApplicationSceneManifest_Generation = YES;
				INFOPLIST_KEY_UIApplicationSupportsIndirectInputEvents = YES;
				INFOPLIST_KEY_UILaunchScreen_Generation = YES;
				INFOPLIST_KEY_UISupportedInterfaceOrientations_iPad = "UIInterfaceOrientationPortrait UIInterfaceOrientationPortraitUpsideDown UIInterfaceOrientationLandscapeLeft UIInterfaceOrientationLandscapeRight";
				INFOPLIST_KEY_UISupportedInterfaceOrientations_iPhone = "UIInterfaceOrientationPortrait UIInterfaceOrientationLandscapeLeft UIInterfaceOrientationLandscapeRight";
				LD_RUNPATH_SEARCH_PATHS = (
					"$(inherited)",
					"@executable_path/Frameworks",
				);
				MARKETING_VERSION = 1.0;
				PRODUCT_BUNDLE_IDENTIFIER = tylew.Journal;
				PRODUCT_NAME = "$(TARGET_NAME)";
				SWIFT_EMIT_LOC_STRINGS = YES;
				SWIFT_VERSION = 5.0;
				TARGETED_DEVICE_FAMILY = "1,2";
			};
			name = Debug;
		};
		6B7672782BE4AC48001AB8EA /* Release */ = {
			isa = XCBuildConfiguration;
			buildSettings = {
				ASSETCATALOG_COMPILER_APPICON_NAME = AppIcon;
				ASSETCATALOG_COMPILER_GLOBAL_ACCENT_COLOR_NAME = AccentColor;
				CODE_SIGN_STYLE = Automatic;
				CURRENT_PROJECT_VERSION = 1;
				DEVELOPMENT_ASSET_PATHS = "\"Journal/Preview Content\"";
				DEVELOPMENT_TEAM = SDB8QP5CR6;
				ENABLE_PREVIEWS = YES;
				GENERATE_INFOPLIST_FILE = YES;
				INFOPLIST_FILE = Journal/Info.plist;
				INFOPLIST_KEY_NSPhotoLibraryUsageDescription = "need library permission activated in order to add images.";
				INFOPLIST_KEY_UIApplicationSceneManifest_Generation = YES;
				INFOPLIST_KEY_UIApplicationSupportsIndirectInputEvents = YES;
				INFOPLIST_KEY_UILaunchScreen_Generation = YES;
				INFOPLIST_KEY_UISupportedInterfaceOrientations_iPad = "UIInterfaceOrientationPortrait UIInterfaceOrientationPortraitUpsideDown UIInterfaceOrientationLandscapeLeft UIInterfaceOrientationLandscapeRight";
				INFOPLIST_KEY_UISupportedInterfaceOrientations_iPhone = "UIInterfaceOrientationPortrait UIInterfaceOrientationLandscapeLeft UIInterfaceOrientationLandscapeRight";
				LD_RUNPATH_SEARCH_PATHS = (
					"$(inherited)",
					"@executable_path/Frameworks",
				);
				MARKETING_VERSION = 1.0;
				PRODUCT_BUNDLE_IDENTIFIER = tylew.Journal;
				PRODUCT_NAME = "$(TARGET_NAME)";
				SWIFT_EMIT_LOC_STRINGS = YES;
				SWIFT_VERSION = 5.0;
				TARGETED_DEVICE_FAMILY = "1,2";
			};
			name = Release;
		};
		6B76727A2BE4AC48001AB8EA /* Debug */ = {
			isa = XCBuildConfiguration;
			buildSettings = {
				ALWAYS_EMBED_SWIFT_STANDARD_LIBRARIES = YES;
				BUNDLE_LOADER = "$(TEST_HOST)";
				CODE_SIGN_STYLE = Automatic;
				CURRENT_PROJECT_VERSION = 1;
				GENERATE_INFOPLIST_FILE = YES;
				IPHONEOS_DEPLOYMENT_TARGET = 17.4;
				MARKETING_VERSION = 1.0;
				PRODUCT_BUNDLE_IDENTIFIER = tylew.JournalTests;
				PRODUCT_NAME = "$(TARGET_NAME)";
				SWIFT_EMIT_LOC_STRINGS = NO;
				SWIFT_VERSION = 5.0;
				TARGETED_DEVICE_FAMILY = "1,2";
				TEST_HOST = "$(BUILT_PRODUCTS_DIR)/Journal.app/$(BUNDLE_EXECUTABLE_FOLDER_PATH)/Journal";
			};
			name = Debug;
		};
		6B76727B2BE4AC48001AB8EA /* Release */ = {
			isa = XCBuildConfiguration;
			buildSettings = {
				ALWAYS_EMBED_SWIFT_STANDARD_LIBRARIES = YES;
				BUNDLE_LOADER = "$(TEST_HOST)";
				CODE_SIGN_STYLE = Automatic;
				CURRENT_PROJECT_VERSION = 1;
				GENERATE_INFOPLIST_FILE = YES;
				IPHONEOS_DEPLOYMENT_TARGET = 17.4;
				MARKETING_VERSION = 1.0;
				PRODUCT_BUNDLE_IDENTIFIER = tylew.JournalTests;
				PRODUCT_NAME = "$(TARGET_NAME)";
				SWIFT_EMIT_LOC_STRINGS = NO;
				SWIFT_VERSION = 5.0;
				TARGETED_DEVICE_FAMILY = "1,2";
				TEST_HOST = "$(BUILT_PRODUCTS_DIR)/Journal.app/$(BUNDLE_EXECUTABLE_FOLDER_PATH)/Journal";
			};
			name = Release;
		};
		6B76727D2BE4AC48001AB8EA /* Debug */ = {
			isa = XCBuildConfiguration;
			buildSettings = {
				ALWAYS_EMBED_SWIFT_STANDARD_LIBRARIES = YES;
				CODE_SIGN_STYLE = Automatic;
				CURRENT_PROJECT_VERSION = 1;
				GENERATE_INFOPLIST_FILE = YES;
				MARKETING_VERSION = 1.0;
				PRODUCT_BUNDLE_IDENTIFIER = tylew.JournalUITests;
				PRODUCT_NAME = "$(TARGET_NAME)";
				SWIFT_EMIT_LOC_STRINGS = NO;
				SWIFT_VERSION = 5.0;
				TARGETED_DEVICE_FAMILY = "1,2";
				TEST_TARGET_NAME = Journal;
			};
			name = Debug;
		};
		6B76727E2BE4AC48001AB8EA /* Release */ = {
			isa = XCBuildConfiguration;
			buildSettings = {
				ALWAYS_EMBED_SWIFT_STANDARD_LIBRARIES = YES;
				CODE_SIGN_STYLE = Automatic;
				CURRENT_PROJECT_VERSION = 1;
				GENERATE_INFOPLIST_FILE = YES;
				MARKETING_VERSION = 1.0;
				PRODUCT_BUNDLE_IDENTIFIER = tylew.JournalUITests;
				PRODUCT_NAME = "$(TARGET_NAME)";
				SWIFT_EMIT_LOC_STRINGS = NO;
				SWIFT_VERSION = 5.0;
				TARGETED_DEVICE_FAMILY = "1,2";
				TEST_TARGET_NAME = Journal;
			};
			name = Release;
		};
/* End XCBuildConfiguration section */

/* Begin XCConfigurationList section */
		6B76724D2BE4AC47001AB8EA /* Build configuration list for PBXProject "Journal" */ = {
			isa = XCConfigurationList;
			buildConfigurations = (
				6B7672742BE4AC48001AB8EA /* Debug */,
				6B7672752BE4AC48001AB8EA /* Release */,
			);
			defaultConfigurationIsVisible = 0;
			defaultConfigurationName = Release;
		};
		6B7672762BE4AC48001AB8EA /* Build configuration list for PBXNativeTarget "Journal" */ = {
			isa = XCConfigurationList;
			buildConfigurations = (
				6B7672772BE4AC48001AB8EA /* Debug */,
				6B7672782BE4AC48001AB8EA /* Release */,
			);
			defaultConfigurationIsVisible = 0;
			defaultConfigurationName = Release;
		};
		6B7672792BE4AC48001AB8EA /* Build configuration list for PBXNativeTarget "JournalTests" */ = {
			isa = XCConfigurationList;
			buildConfigurations = (
				6B76727A2BE4AC48001AB8EA /* Debug */,
				6B76727B2BE4AC48001AB8EA /* Release */,
			);
			defaultConfigurationIsVisible = 0;
			defaultConfigurationName = Release;
		};
		6B76727C2BE4AC48001AB8EA /* Build configuration list for PBXNativeTarget "JournalUITests" */ = {
			isa = XCConfigurationList;
			buildConfigurations = (
				6B76727D2BE4AC48001AB8EA /* Debug */,
				6B76727E2BE4AC48001AB8EA /* Release */,
			);
			defaultConfigurationIsVisible = 0;
			defaultConfigurationName = Release;
		};
/* End XCConfigurationList section */

/* Begin XCVersionGroup section */
		6B92721F2BE4EA9A00714182 /* DataModel.xcdatamodeld */ = {
			isa = XCVersionGroup;
			children = (
				6B9272202BE4EA9A00714182 /* DataModel.xcdatamodel */,
			);
			currentVersion = 6B9272202BE4EA9A00714182 /* DataModel.xcdatamodel */;
			name = DataModel.xcdatamodeld;
			path = "/Users/fsl/Documents/GitHub/swift-Journal/Journal/Journal/DataModel.xcdatamodeld";
			sourceTree = "<group>";
			versionGroupType = wrapper.xcdatamodel;
		};
/* End XCVersionGroup section */
	};
	rootObject = 6B76724A2BE4AC47001AB8EA /* Project object */;
}
